
Microsoft Visual Studio Solution File, Format Version 12.00
# Visual Studio Version 17
VisualStudioVersion = 17.9.34723.18
MinimumVisualStudioVersion = 10.0.40219.1
Project("{FAE04EC0-301F-11D3-BF4B-00C04F79EFBC}") = "BadWolfTechnology", "BadWolfTechnology\BadWolfTechnology.csproj", "{7D2D5A17-87BC-45C0-ABB4-DF967E0B6E26}"
EndProject
Project("{FAE04EC0-301F-11D3-BF4B-00C04F79EFBC}") = "BadWolfTechnology.UnitTest", "BadWolfTechnology.UnitTest\BadWolfTechnology.UnitTest.csproj", "{6CEBFD37-7AE7-4C1D-B076-860FB48402E6}"
EndProject
Global
	GlobalSection(SolutionConfigurationPlatforms) = preSolution
		Debug|Any CPU = Debug|Any CPU
		Release|Any CPU = Release|Any CPU
	EndGlobalSection
	GlobalSection(ProjectConfigurationPlatforms) = postSolution
		{7D2D5A17-87BC-45C0-ABB4-DF967E0B6E26}.Debug|Any CPU.ActiveCfg = Debug|Any CPU
		{7D2D5A17-87BC-45C0-ABB4-DF967E0B6E26}.Debug|Any CPU.Build.0 = Debug|Any CPU
		{7D2D5A17-87BC-45C0-ABB4-DF967E0B6E26}.Release|Any CPU.ActiveCfg = Release|Any CPU
		{7D2D5A17-87BC-45C0-ABB4-DF967E0B6E26}.Release|Any CPU.Build.0 = Release|Any CPU
		{6CEBFD37-7AE7-4C1D-B076-860FB48402E6}.Debug|Any CPU.ActiveCfg = Debug|Any CPU
		{6CEBFD37-7AE7-4C1D-B076-860FB48402E6}.Debug|Any CPU.Build.0 = Debug|Any CPU
		{6CEBFD37-7AE7-4C1D-B076-860FB48402E6}.Release|Any CPU.ActiveCfg = Release|Any CPU
		{6CEBFD37-7AE7-4C1D-B076-860FB48402E6}.Release|Any CPU.Build.0 = Release|Any CPU
	EndGlobalSection
	GlobalSection(SolutionProperties) = preSolution
		HideSolutionNode = FALSE
	EndGlobalSection
	GlobalSection(ExtensibilityGlobals) = postSolution
		SolutionGuid = {A7D62286-9747-43CC-8D8F-ACD344CFA75A}
	EndGlobalSection
EndGlobal
